
Microsoft Visual Studio Solution File, Format Version 12.00
# Visual Studio Version 16
VisualStudioVersion = 16.0.34031.81
MinimumVisualStudioVersion = 10.0.40219.1
Project("{FAE04EC0-301F-11D3-BF4B-00C04F79EFBC}") = "SerilogEjemplo", "SerilogEjemplo\SerilogEjemplo.csproj", "{4325078F-7DBF-4F9F-AB39-8E6B4160F6F3}"
EndProject
Global
	GlobalSection(SolutionConfigurationPlatforms) = preSolution
		Debug|Any CPU = Debug|Any CPU
		Release|Any CPU = Release|Any CPU
	EndGlobalSection
	GlobalSection(ProjectConfigurationPlatforms) = postSolution
		{4325078F-7DBF-4F9F-AB39-8E6B4160F6F3}.Debug|Any CPU.ActiveCfg = Debug|Any CPU
		{4325078F-7DBF-4F9F-AB39-8E6B4160F6F3}.Debug|Any CPU.Build.0 = Debug|Any CPU
		{4325078F-7DBF-4F9F-AB39-8E6B4160F6F3}.Release|Any CPU.ActiveCfg = Release|Any CPU
		{4325078F-7DBF-4F9F-AB39-8E6B4160F6F3}.Release|Any CPU.Build.0 = Release|Any CPU
	EndGlobalSection
	GlobalSection(SolutionProperties) = preSolution
		HideSolutionNode = FALSE
	EndGlobalSection
	GlobalSection(ExtensibilityGlobals) = postSolution
		SolutionGuid = {CAADA54D-E5ED-41CF-A078-DB3DE9330355}
	EndGlobalSection
EndGlobal
